# @generated - this file is auto-generated by `mise lock` https://mise.jdx.dev/dev-tools/mise-lock.html

[[tools.go]]
version = "1.26.1"
backend = "core:go"

[tools.go."platforms.linux-arm64"]
checksum = "sha256:a290581cfe4fe28ddd737dde3095f3dbeb7f2e4065cab4eae44dfc53b760c2f7"
url = "https://dl.google.com/go/go1.26.1.linux-arm64.tar.gz"

[tools.go."platforms.linux-arm64-musl"]
checksum = "sha256:a290581cfe4fe28ddd737dde3095f3dbeb7f2e4065cab4eae44dfc53b760c2f7"
url = "https://dl.google.com/go/go1.26.1.linux-arm64.tar.gz"

[tools.go."platforms.linux-x64"]
checksum = "sha256:031f088e5d955bab8657ede27ad4e3bc5b7c1ba281f05f245bcc304f327c987a"
url = "https://dl.google.com/go/go1.26.1.linux-amd64.tar.gz"

[tools.go."platforms.linux-x64-musl"]
checksum = "sha256:031f088e5d955bab8657ede27ad4e3bc5b7c1ba281f05f245bcc304f327c987a"
url = "https://dl.google.com/go/go1.26.1.linux-amd64.tar.gz"

[tools.go."platforms.macos-arm64"]
checksum = "sha256:353df43a7811ce284c8938b5f3c7df40b7bfb6f56cb165b150bc40b5e2dd541f"
url = "https://dl.google.com/go/go1.26.1.darwin-arm64.tar.gz"

[tools.go."platforms.macos-x64"]
checksum = "sha256:65773dab2f8cc4cd23d93ba6d0a805de150ca0b78378879292be0b903b8cdd08"
url = "https://dl.google.com/go/go1.26.1.darwin-amd64.tar.gz"

[tools.go."platforms.windows-x64"]
checksum = "sha256:9b68112c913f45b7aebbf13c036721264bbba7e03a642f8f7490c561eebd1ecc"
url = "https://dl.google.com/go/go1.26.1.windows-amd64.zip"

[[tools."go:golang.org/x/pkgsite/cmd/pkgsite"]]
version = "latest"
backend = "go:golang.org/x/pkgsite/cmd/pkgsite"

[[tools."go:golang.org/x/tools/gopls"]]
version = "0.21.1"
backend = "go:golang.org/x/tools/gopls"

[[tools."go:golang.org/x/vuln/cmd/govulncheck"]]
version = "1.1.4"
backend = "go:golang.org/x/vuln/cmd/govulncheck"

[[tools."go:mvdan.cc/gofumpt"]]
version = "0.9.2"
backend = "go:mvdan.cc/gofumpt"

[[tools.golangci-lint]]
version = "2.11.4"
backend = "aqua:golangci/golangci-lint"

[tools.golangci-lint."platforms.linux-arm64"]
checksum = "sha256:3bcfa2e6f3d32b2bf5cd75eaa876447507025e0303698633f722a05331988db4"
url = "https://github.com/golangci/golangci-lint/releases/download/v2.11.4/golangci-lint-2.11.4-linux-arm64.tar.gz"

[tools.golangci-lint."platforms.linux-arm64-musl"]
checksum = "sha256:3bcfa2e6f3d32b2bf5cd75eaa876447507025e0303698633f722a05331988db4"
url = "https://github.com/golangci/golangci-lint/releases/download/v2.11.4/golangci-lint-2.11.4-linux-arm64.tar.gz"

[tools.golangci-lint."platforms.linux-x64"]
checksum = "sha256:200c5b7503f67b59a6743ccf32133026c174e272b930ee79aa2aa6f37aca7ef1"
url = "https://github.com/golangci/golangci-lint/releases/download/v2.11.4/golangci-lint-2.11.4-linux-amd64.tar.gz"

[tools.golangci-lint."platforms.linux-x64-musl"]
checksum = "sha256:200c5b7503f67b59a6743ccf32133026c174e272b930ee79aa2aa6f37aca7ef1"
url = "https://github.com/golangci/golangci-lint/releases/download/v2.11.4/golangci-lint-2.11.4-linux-amd64.tar.gz"

[tools.golangci-lint."platforms.macos-arm64"]
checksum = "sha256:02db2a2dae8b26812e53b0688a6f617e3ef1f489790e829ea22862cf76945675"
url = "https://github.com/golangci/golangci-lint/releases/download/v2.11.4/golangci-lint-2.11.4-darwin-arm64.tar.gz"
provenance = "github-attestations"

[tools.golangci-lint."platforms.macos-x64"]
checksum = "sha256:c900d4048db75d1edfd550fd11cf6a9b3008e7caa8e119fcddbc700412d63e60"
url = "https://github.com/golangci/golangci-lint/releases/download/v2.11.4/golangci-lint-2.11.4-darwin-amd64.tar.gz"

[tools.golangci-lint."platforms.windows-x64"]
checksum = "sha256:4932cfca5e75bf60fe1c576edf459e5e809e6644664a068185d64b84af3fad9e"
url = "https://github.com/golangci/golangci-lint/releases/download/v2.11.4/golangci-lint-2.11.4-windows-amd64.zip"

[[tools.goreleaser]]
version = "2.14.3"
backend = "aqua:goreleaser/goreleaser"

[tools.goreleaser."platforms.linux-arm64"]
checksum = "sha256:581a10e53c1176b3e81ee45cf531e02dbf899db0bc7b795669347df4276ce948"
url = "https://github.com/goreleaser/goreleaser/releases/download/v2.14.3/goreleaser_Linux_arm64.tar.gz"
provenance = "cosign"

[tools.goreleaser."platforms.linux-arm64-musl"]
checksum = "sha256:581a10e53c1176b3e81ee45cf531e02dbf899db0bc7b795669347df4276ce948"
url = "https://github.com/goreleaser/goreleaser/releases/download/v2.14.3/goreleaser_Linux_arm64.tar.gz"
provenance = "cosign"

[tools.goreleaser."platforms.linux-x64"]
checksum = "sha256:dc7faeeeb6da8bdfda788626263a4ae725892a8c7504b975c3234127d4a44579"
url = "https://github.com/goreleaser/goreleaser/releases/download/v2.14.3/goreleaser_Linux_x86_64.tar.gz"
provenance = "cosign"

[tools.goreleaser."platforms.linux-x64-musl"]
checksum = "sha256:dc7faeeeb6da8bdfda788626263a4ae725892a8c7504b975c3234127d4a44579"
url = "https://github.com/goreleaser/goreleaser/releases/download/v2.14.3/goreleaser_Linux_x86_64.tar.gz"
provenance = "cosign"

[tools.goreleaser."platforms.macos-arm64"]
checksum = "sha256:3507798489e107a78aff36b169de48148a335ac26eb3161608d905f3f3a957bd"
url = "https://github.com/goreleaser/goreleaser/releases/download/v2.14.3/goreleaser_Darwin_all.tar.gz"
provenance = "cosign"

[tools.goreleaser."platforms.macos-x64"]
checksum = "sha256:3507798489e107a78aff36b169de48148a335ac26eb3161608d905f3f3a957bd"
url = "https://github.com/goreleaser/goreleaser/releases/download/v2.14.3/goreleaser_Darwin_all.tar.gz"
provenance = "cosign"

[tools.goreleaser."platforms.windows-x64"]
checksum = "sha256:3deea8ff471aa258a2d99f3e5302971d7028647ae8ddaf103257a8113e485a31"
url = "https://github.com/goreleaser/goreleaser/releases/download/v2.14.3/goreleaser_Windows_x86_64.zip"
provenance = "cosign"
